
Microsoft Visual Studio Solution File, Format Version 12.00
# Visual Studio Version 17
VisualStudioVersion = 17.4.33122.133
MinimumVisualStudioVersion = 10.0.40219.1
Project("{8BC9CEB8-8B4A-11D0-8D11-00A0C91BC942}") = "LokiStealer", "LokiStealer\LokiStealer.vcxproj", "{56647C63-4E31-4AB6-8C1A-6819A7A7C698}"
EndProject
Global
	GlobalSection(SolutionConfigurationPlatforms) = preSolution
		Debug|x64 = Debug|x64
		Debug|x86 = Debug|x86
		Release|x64 = Release|x64
		Release|x86 = Release|x86
	EndGlobalSection
	GlobalSection(ProjectConfigurationPlatforms) = postSolution
		{56647C63-4E31-4AB6-8C1A-6819A7A7C698}.Debug|x64.ActiveCfg = Debug|x64
		{56647C63-4E31-4AB6-8C1A-6819A7A7C698}.Debug|x64.Build.0 = Debug|x64
		{56647C63-4E31-4AB6-8C1A-6819A7A7C698}.Debug|x86.ActiveCfg = Debug|Win32
		{56647C63-4E31-4AB6-8C1A-6819A7A7C698}.Debug|x86.Build.0 = Debug|Win32
		{56647C63-4E31-4AB6-8C1A-6819A7A7C698}.Release|x64.ActiveCfg = Release|x64
		{56647C63-4E31-4AB6-8C1A-6819A7A7C698}.Release|x64.Build.0 = Release|x64
		{56647C63-4E31-4AB6-8C1A-6819A7A7C698}.Release|x86.ActiveCfg = Release|Win32
		{56647C63-4E31-4AB6-8C1A-6819A7A7C698}.Release|x86.Build.0 = Release|Win32
	EndGlobalSection
	GlobalSection(SolutionProperties) = preSolution
		HideSolutionNode = FALSE
	EndGlobalSection
	GlobalSection(ExtensibilityGlobals) = postSolution
		SolutionGuid = {A3BE3387-15B5-49F7-A584-C57E0C3A1140}
	EndGlobalSection
EndGlobal
